PODS:
  - ReactiveCocoa (11.0.0):
    - ReactiveSwift (~> 6.2)
  - ReactiveSwift (6.3.0)
  - Realm (5.3.3):
    - Realm/Headers (= 5.3.3)
  - Realm/Headers (5.3.3)
  - RealmSwift (5.3.3):
    - Realm (= 5.3.3)
  - SnapKit (5.0.1)

DEPENDENCIES:
  - ReactiveCocoa (~> 11.0)
  - RealmSwift
  - SnapKit (~> 5.0)

SPEC REPOS:
  https://github.com/CocoaPods/Specs.git:
    - ReactiveCocoa
    - ReactiveSwift
    - Realm
    - RealmSwift
    - SnapKit

SPEC CHECKSUMS:
  ReactiveCocoa: 189fcea9c5af7e394dd8a4cfc1c6f77af9ff3598
  ReactiveSwift: 7937f26ec18d555e2a99352bd0a8b2817d1f042d
  Realm: 2d57ea355bf8ca2a0964d6bfb38d28d7ff2addf6
  RealmSwift: 0a709536ecea30eea1d3c514f6ade2ed078dee3c
  SnapKit: 97b92857e3df3a0c71833cce143274bf6ef8e5eb

PODFILE CHECKSUM: e953b6002314f16ac6628fae9be23a86716054d0

COCOAPODS: 1.9.3
