// !$*UTF8*$!
{
	archiveVersion = 1;
	classes = {
	};
	objectVersion = 50;
	objects = {

/* Begin PBXBuildFile section */
		AE4BF9C924B9E70700DB27E2 /* AppDelegate.swift in Sources */ = {isa = PBXBuildFile; fileRef = AE4BF9C824B9E70700DB27E2 /* AppDelegate.swift */; };
		AE4BF9CD24B9E70700DB27E2 /* PartyTrackerViewController.swift in Sources */ = {isa = PBXBuildFile; fileRef = AE4BF9CC24B9E70700DB27E2 /* PartyTrackerViewController.swift */; };
		AE4BF9D224B9E71000DB27E2 /* Assets.xcassets in Resources */ = {isa = PBXBuildFile; fileRef = AE4BF9D124B9E71000DB27E2 /* Assets.xcassets */; };
		AE4BF9D524B9E71000DB27E2 /* LaunchScreen.storyboard in Resources */ = {isa = PBXBuildFile; fileRef = AE4BF9D324B9E71000DB27E2 /* LaunchScreen.storyboard */; };
		AE4BF9E024B9E90000DB27E2 /* PartyTrackerViewModel.swift in Sources */ = {isa = PBXBuildFile; fileRef = AE4BF9DF24B9E90000DB27E2 /* PartyTrackerViewModel.swift */; };
		AE4BF9E224B9E90B00DB27E2 /* PertyTrackerView.swift in Sources */ = {isa = PBXBuildFile; fileRef = AE4BF9E124B9E90B00DB27E2 /* PertyTrackerView.swift */; };
		AE4BF9E424B9E92500DB27E2 /* CharacterCollectionViewCell.swift in Sources */ = {isa = PBXBuildFile; fileRef = AE4BF9E324B9E92500DB27E2 /* CharacterCollectionViewCell.swift */; };
/* End PBXBuildFile section */

/* Begin PBXFileReference section */
		AE4BF9C524B9E70700DB27E2 /* DnD5PartyTracker.app */ = {isa = PBXFileReference; explicitFileType = wrapper.application; includeInIndex = 0; path = DnD5PartyTracker.app; sourceTree = BUILT_PRODUCTS_DIR; };
		AE4BF9C824B9E70700DB27E2 /* AppDelegate.swift */ = {isa = PBXFileReference; lastKnownFileType = sourcecode.swift; path = AppDelegate.swift; sourceTree = "<group>"; };
		AE4BF9CC24B9E70700DB27E2 /* PartyTrackerViewController.swift */ = {isa = PBXFileReference; lastKnownFileType = sourcecode.swift; path = PartyTrackerViewController.swift; sourceTree = "<group>"; };
		AE4BF9D124B9E71000DB27E2 /* Assets.xcassets */ = {isa = PBXFileReference; lastKnownFileType = folder.assetcatalog; path = Assets.xcassets; sourceTree = "<group>"; };
		AE4BF9D424B9E71000DB27E2 /* Base */ = {isa = PBXFileReference; lastKnownFileType = file.storyboard; name = Base; path = Base.lproj/LaunchScreen.storyboard; sourceTree = "<group>"; };
		AE4BF9D624B9E71000DB27E2 /* Info.plist */ = {isa = PBXFileReference; lastKnownFileType = text.plist.xml; path = Info.plist; sourceTree = "<group>"; };
		AE4BF9DF24B9E90000DB27E2 /* PartyTrackerViewModel.swift */ = {isa = PBXFileReference; lastKnownFileType = sourcecode.swift; path = PartyTrackerViewModel.swift; sourceTree = "<group>"; };
		AE4BF9E124B9E90B00DB27E2 /* PertyTrackerView.swift */ = {isa = PBXFileReference; lastKnownFileType = sourcecode.swift; path = PertyTrackerView.swift; sourceTree = "<group>"; };
		AE4BF9E324B9E92500DB27E2 /* CharacterCollectionViewCell.swift */ = {isa = PBXFileReference; lastKnownFileType = sourcecode.swift; path = CharacterCollectionViewCell.swift; sourceTree = "<group>"; };
/* End PBXFileReference section */

/* Begin PBXFrameworksBuildPhase section */
		AE4BF9C224B9E70700DB27E2 /* Frameworks */ = {
			isa = PBXFrameworksBuildPhase;
			buildActionMask = 2147483647;
			files = (
			);
			runOnlyForDeploymentPostprocessing = 0;
		};
/* End PBXFrameworksBuildPhase section */

/* Begin PBXGroup section */
		AE4BF9BC24B9E70700DB27E2 = {
			isa = PBXGroup;
			children = (
				AE4BF9C724B9E70700DB27E2 /* DnD5PartyTracker */,
				AE4BF9C624B9E70700DB27E2 /* Products */,
			);
			sourceTree = "<group>";
		};
		AE4BF9C624B9E70700DB27E2 /* Products */ = {
			isa = PBXGroup;
			children = (
				AE4BF9C524B9E70700DB27E2 /* DnD5PartyTracker.app */,
			);
			name = Products;
			sourceTree = "<group>";
		};
		AE4BF9C724B9E70700DB27E2 /* DnD5PartyTracker */ = {
			isa = PBXGroup;
			children = (
				AE4BF9DC24B9E8B300DB27E2 /* Resources */,
				AE4BF9DD24B9E8BF00DB27E2 /* Presentation */,
			);
			path = DnD5PartyTracker;
			sourceTree = "<group>";
		};
		AE4BF9DC24B9E8B300DB27E2 /* Resources */ = {
			isa = PBXGroup;
			children = (
				AE4BF9C824B9E70700DB27E2 /* AppDelegate.swift */,
				AE4BF9D124B9E71000DB27E2 /* Assets.xcassets */,
				AE4BF9D324B9E71000DB27E2 /* LaunchScreen.storyboard */,
				AE4BF9D624B9E71000DB27E2 /* Info.plist */,
			);
			name = Resources;
			sourceTree = "<group>";
		};
		AE4BF9DD24B9E8BF00DB27E2 /* Presentation */ = {
			isa = PBXGroup;
			children = (
				AE4BF9DE24B9E8C600DB27E2 /* Party Tracker */,
			);
			name = Presentation;
			sourceTree = "<group>";
		};
		AE4BF9DE24B9E8C600DB27E2 /* Party Tracker */ = {
			isa = PBXGroup;
			children = (
				AE4BF9DF24B9E90000DB27E2 /* PartyTrackerViewModel.swift */,
				AE4BF9CC24B9E70700DB27E2 /* PartyTrackerViewController.swift */,
				AE4BF9E124B9E90B00DB27E2 /* PertyTrackerView.swift */,
				AE4BF9E324B9E92500DB27E2 /* CharacterCollectionViewCell.swift */,
			);
			name = "Party Tracker";
			sourceTree = "<group>";
		};
/* End PBXGroup section */

/* Begin PBXNativeTarget section */
		AE4BF9C424B9E70700DB27E2 /* DnD5PartyTracker */ = {
			isa = PBXNativeTarget;
			buildConfigurationList = AE4BF9D924B9E71000DB27E2 /* Build configuration list for PBXNativeTarget "DnD5PartyTracker" */;
			buildPhases = (
				AE4BF9C124B9E70700DB27E2 /* Sources */,
				AE4BF9C224B9E70700DB27E2 /* Frameworks */,
				AE4BF9C324B9E70700DB27E2 /* Resources */,
			);
			buildRules = (
			);
			dependencies = (
			);
			name = DnD5PartyTracker;
			productName = DnD5PartyTracker;
			productReference = AE4BF9C524B9E70700DB27E2 /* DnD5PartyTracker.app */;
			productType = "com.apple.product-type.application";
		};
/* End PBXNativeTarget section */

/* Begin PBXProject section */
		AE4BF9BD24B9E70700DB27E2 /* Project object */ = {
			isa = PBXProject;
			attributes = {
				LastSwiftUpdateCheck = 1150;
				LastUpgradeCheck = 1150;
				ORGANIZATIONNAME = "Kamil Szczepański";
				TargetAttributes = {
					AE4BF9C424B9E70700DB27E2 = {
						CreatedOnToolsVersion = 11.5;
					};
				};
			};
			buildConfigurationList = AE4BF9C024B9E70700DB27E2 /* Build configuration list for PBXProject "DnD5PartyTracker" */;
			compatibilityVersion = "Xcode 9.3";
			developmentRegion = en;
			hasScannedForEncodings = 0;
			knownRegions = (
				en,
				Base,
			);
			mainGroup = AE4BF9BC24B9E70700DB27E2;
			productRefGroup = AE4BF9C624B9E70700DB27E2 /* Products */;
			projectDirPath = "";
			projectRoot = "";
			targets = (
				AE4BF9C424B9E70700DB27E2 /* DnD5PartyTracker */,
			);
		};
/* End PBXProject section */

/* Begin PBXResourcesBuildPhase section */
		AE4BF9C324B9E70700DB27E2 /* Resources */ = {
			isa = PBXResourcesBuildPhase;
			buildActionMask = 2147483647;
			files = (
				AE4BF9D524B9E71000DB27E2 /* LaunchScreen.storyboard in Resources */,
				AE4BF9D224B9E71000DB27E2 /* Assets.xcassets in Resources */,
			);
			runOnlyForDeploymentPostprocessing = 0;
		};
/* End PBXResourcesBuildPhase section */

/* Begin PBXSourcesBuildPhase section */
		AE4BF9C124B9E70700DB27E2 /* Sources */ = {
			isa = PBXSourcesBuildPhase;
			buildActionMask = 2147483647;
			files = (
				AE4BF9E424B9E92500DB27E2 /* CharacterCollectionViewCell.swift in Sources */,
				AE4BF9E224B9E90B00DB27E2 /* PertyTrackerView.swift in Sources */,
				AE4BF9CD24B9E70700DB27E2 /* PartyTrackerViewController.swift in Sources */,
				AE4BF9C924B9E70700DB27E2 /* AppDelegate.swift in Sources */,
				AE4BF9E024B9E90000DB27E2 /* PartyTrackerViewModel.swift in Sources */,
			);
			runOnlyForDeploymentPostprocessing = 0;
		};
/* End PBXSourcesBuildPhase section */

/* Begin PBXVariantGroup section */
		AE4BF9D324B9E71000DB27E2 /* LaunchScreen.storyboard */ = {
			isa = PBXVariantGroup;
			children = (
				AE4BF9D424B9E71000DB27E2 /* Base */,
			);
			name = LaunchScreen.storyboard;
			sourceTree = "<group>";
		};
/* End PBXVariantGroup section */

/* Begin XCBuildConfiguration section */
		AE4BF9D724B9E71000DB27E2 /* Debug */ = {
			isa = XCBuildConfiguration;
			buildSettings = {
				ALWAYS_SEARCH_USER_PATHS = NO;
				CLANG_ANALYZER_NONNULL = YES;
				CLANG_ANALYZER_NUMBER_OBJECT_CONVERSION = YES_AGGRESSIVE;
				CLANG_CXX_LANGUAGE_STANDARD = "gnu++14";
				CLANG_CXX_LIBRARY = "libc++";
				CLANG_ENABLE_MODULES = YES;
				CLANG_ENABLE_OBJC_ARC = YES;
				CLANG_ENABLE_OBJC_WEAK = YES;
				CLANG_WARN_BLOCK_CAPTURE_AUTORELEASING = YES;
				CLANG_WARN_BOOL_CONVERSION = YES;
				CLANG_WARN_COMMA = YES;
				CLANG_WARN_CONSTANT_CONVERSION = YES;
				CLANG_WARN_DEPRECATED_OBJC_IMPLEMENTATIONS = YES;
				CLANG_WARN_DIRECT_OBJC_ISA_USAGE = YES_ERROR;
				CLANG_WARN_DOCUMENTATION_COMMENTS = YES;
				CLANG_WARN_EMPTY_BODY = YES;
				CLANG_WARN_ENUM_CONVERSION = YES;
				CLANG_WARN_INFINITE_RECURSION = YES;
				CLANG_WARN_INT_CONVERSION = YES;
				CLANG_WARN_NON_LITERAL_NULL_CONVERSION = YES;
				CLANG_WARN_OBJC_IMPLICIT_RETAIN_SELF = YES;
				CLANG_WARN_OBJC_LITERAL_CONVERSION = YES;
				CLANG_WARN_OBJC_ROOT_CLASS = YES_ERROR;
				CLANG_WARN_RANGE_LOOP_ANALYSIS = YES;
				CLANG_WARN_STRICT_PROTOTYPES = YES;
				CLANG_WARN_SUSPICIOUS_MOVE = YES;
				CLANG_WARN_UNGUARDED_AVAILABILITY = YES_AGGRESSIVE;
				CLANG_WARN_UNREACHABLE_CODE = YES;
				CLANG_WARN__DUPLICATE_METHOD_MATCH = YES;
				COPY_PHASE_STRIP = NO;
				DEBUG_INFORMATION_FORMAT = dwarf;
				ENABLE_STRICT_OBJC_MSGSEND = YES;
				ENABLE_TESTABILITY = YES;
				GCC_C_LANGUAGE_STANDARD = gnu11;
				GCC_DYNAMIC_NO_PIC = NO;
				GCC_NO_COMMON_BLOCKS = YES;
				GCC_OPTIMIZATION_LEVEL = 0;
				GCC_PREPROCESSOR_DEFINITIONS = (
					"DEBUG=1",
					"$(inherited)",
				);
				GCC_WARN_64_TO_32_BIT_CONVERSION = YES;
				GCC_WARN_ABOUT_RETURN_TYPE = YES_ERROR;
				GCC_WARN_UNDECLARED_SELECTOR = YES;
				GCC_WARN_UNINITIALIZED_AUTOS = YES_AGGRESSIVE;
				GCC_WARN_UNUSED_FUNCTION = YES;
				GCC_WARN_UNUSED_VARIABLE = YES;
				IPHONEOS_DEPLOYMENT_TARGET = 13.5;
				MTL_ENABLE_DEBUG_INFO = INCLUDE_SOURCE;
				MTL_FAST_MATH = YES;
				ONLY_ACTIVE_ARCH = YES;
				SDKROOT = iphoneos;
				SWIFT_ACTIVE_COMPILATION_CONDITIONS = DEBUG;
				SWIFT_OPTIMIZATION_LEVEL = "-Onone";
			};
			name = Debug;
		};
		AE4BF9D824B9E71000DB27E2 /* Release */ = {
			isa = XCBuildConfiguration;
			buildSettings = {
				ALWAYS_SEARCH_USER_PATHS = NO;
				CLANG_ANALYZER_NONNULL = YES;
				CLANG_ANALYZER_NUMBER_OBJECT_CONVERSION = YES_AGGRESSIVE;
				CLANG_CXX_LANGUAGE_STANDARD = "gnu++14";
				CLANG_CXX_LIBRARY = "libc++";
				CLANG_ENABLE_MODULES = YES;
				CLANG_ENABLE_OBJC_ARC = YES;
				CLANG_ENABLE_OBJC_WEAK = YES;
				CLANG_WARN_BLOCK_CAPTURE_AUTORELEASING = YES;
				CLANG_WARN_BOOL_CONVERSION = YES;
				CLANG_WARN_COMMA = YES;
				CLANG_WARN_CONSTANT_CONVERSION = YES;
				CLANG_WARN_DEPRECATED_OBJC_IMPLEMENTATIONS = YES;
				CLANG_WARN_DIRECT_OBJC_ISA_USAGE = YES_ERROR;
				CLANG_WARN_DOCUMENTATION_COMMENTS = YES;
				CLANG_WARN_EMPTY_BODY = YES;
				CLANG_WARN_ENUM_CONVERSION = YES;
				CLANG_WARN_INFINITE_RECURSION = YES;
				CLANG_WARN_INT_CONVERSION = YES;
				CLANG_WARN_NON_LITERAL_NULL_CONVERSION = YES;
				CLANG_WARN_OBJC_IMPLICIT_RETAIN_SELF = YES;
				CLANG_WARN_OBJC_LITERAL_CONVERSION = YES;
				CLANG_WARN_OBJC_ROOT_CLASS = YES_ERROR;
				CLANG_WARN_RANGE_LOOP_ANALYSIS = YES;
				CLANG_WARN_STRICT_PROTOTYPES = YES;
				CLANG_WARN_SUSPICIOUS_MOVE = YES;
				CLANG_WARN_UNGUARDED_AVAILABILITY = YES_AGGRESSIVE;
				CLANG_WARN_UNREACHABLE_CODE = YES;
				CLANG_WARN__DUPLICATE_METHOD_MATCH = YES;
				COPY_PHASE_STRIP = NO;
				DEBUG_INFORMATION_FORMAT = "dwarf-with-dsym";
				ENABLE_NS_ASSERTIONS = NO;
				ENABLE_STRICT_OBJC_MSGSEND = YES;
				GCC_C_LANGUAGE_STANDARD = gnu11;
				GCC_NO_COMMON_BLOCKS = YES;
				GCC_WARN_64_TO_32_BIT_CONVERSION = YES;
				GCC_WARN_ABOUT_RETURN_TYPE = YES_ERROR;
				GCC_WARN_UNDECLARED_SELECTOR = YES;
				GCC_WARN_UNINITIALIZED_AUTOS = YES_AGGRESSIVE;
				GCC_WARN_UNUSED_FUNCTION = YES;
				GCC_WARN_UNUSED_VARIABLE = YES;
				IPHONEOS_DEPLOYMENT_TARGET = 13.5;
				MTL_ENABLE_DEBUG_INFO = NO;
				MTL_FAST_MATH = YES;
				SDKROOT = iphoneos;
				SWIFT_COMPILATION_MODE = wholemodule;
				SWIFT_OPTIMIZATION_LEVEL = "-O";
				VALIDATE_PRODUCT = YES;
			};
			name = Release;
		};
		AE4BF9DA24B9E71000DB27E2 /* Debug */ = {
			isa = XCBuildConfiguration;
			buildSettings = {
				ASSETCATALOG_COMPILER_APPICON_NAME = AppIcon;
				CODE_SIGN_STYLE = Automatic;
				DEVELOPMENT_TEAM = V63JX6MB8A;
				INFOPLIST_FILE = DnD5PartyTracker/Info.plist;
				LD_RUNPATH_SEARCH_PATHS = (
					"$(inherited)",
					"@executable_path/Frameworks",
				);
				PRODUCT_BUNDLE_IDENTIFIER = co.netguru.DnD5PartyTracker;
				PRODUCT_NAME = "$(TARGET_NAME)";
				SWIFT_VERSION = 5.0;
				TARGETED_DEVICE_FAMILY = 2;
			};
			name = Debug;
		};
		AE4BF9DB24B9E71000DB27E2 /* Release */ = {
			isa = XCBuildConfiguration;
			buildSettings = {
				ASSETCATALOG_COMPILER_APPICON_NAME = AppIcon;
				CODE_SIGN_STYLE = Automatic;
				DEVELOPMENT_TEAM = V63JX6MB8A;
				INFOPLIST_FILE = DnD5PartyTracker/Info.plist;
				LD_RUNPATH_SEARCH_PATHS = (
					"$(inherited)",
					"@executable_path/Frameworks",
				);
				PRODUCT_BUNDLE_IDENTIFIER = co.netguru.DnD5PartyTracker;
				PRODUCT_NAME = "$(TARGET_NAME)";
				SWIFT_VERSION = 5.0;
				TARGETED_DEVICE_FAMILY = 2;
			};
			name = Release;
		};
/* End XCBuildConfiguration section */

/* Begin XCConfigurationList section */
		AE4BF9C024B9E70700DB27E2 /* Build configuration list for PBXProject "DnD5PartyTracker" */ = {
			isa = XCConfigurationList;
			buildConfigurations = (
				AE4BF9D724B9E71000DB27E2 /* Debug */,
				AE4BF9D824B9E71000DB27E2 /* Release */,
			);
			defaultConfigurationIsVisible = 0;
			defaultConfigurationName = Release;
		};
		AE4BF9D924B9E71000DB27E2 /* Build configuration list for PBXNativeTarget "DnD5PartyTracker" */ = {
			isa = XCConfigurationList;
			buildConfigurations = (
				AE4BF9DA24B9E71000DB27E2 /* Debug */,
				AE4BF9DB24B9E71000DB27E2 /* Release */,
			);
			defaultConfigurationIsVisible = 0;
			defaultConfigurationName = Release;
		};
/* End XCConfigurationList section */
	};
	rootObject = AE4BF9BD24B9E70700DB27E2 /* Project object */;
}
